{
  "name": "tf_test",
  "version": "0.0.0",
  "lockfileVersion": 1,
  "requires": true,
  "dependencies": {
    "@tensorflow/tfjs": {
      "version": "0.6.1",
      "resolved": "https://registry.npmjs.org/@tensorflow/tfjs/-/tfjs-0.6.1.tgz",
      "integrity": "sha512-8AOA7NuCs+K6uesYUpR1UGyXgTxqxumObGVlEcwLaFswnfIgK3zwZQ5Aqme7PPtoOdRtQ0VjvhwMFB+ZGAr3Yw==",
      "requires": {
        "@tensorflow/tfjs-core": "0.6.0",
        "@tensorflow/tfjs-layers": "0.1.2"
      }
    },
    "@tensorflow/tfjs-core": {
      "version": "0.6.0",
      "resolved": "https://registry.npmjs.org/@tensorflow/tfjs-core/-/tfjs-core-0.6.0.tgz",
      "integrity": "sha512-VFjI/d/dXwt3fzrrky9pbp4RebUx8gWzcXPP+gurbMIgsHCuuSWB4C7DO0ACJPN9bTWnGdRVJbhJPnhKspQacQ==",
      "requires": {
        "seedrandom": "2.4.3"
      }
    },
    "@tensorflow/tfjs-layers": {
      "version": "0.1.2",
      "resolved": "https://registry.npmjs.org/@tensorflow/tfjs-layers/-/tfjs-layers-0.1.2.tgz",
      "integrity": "sha512-eWGgMa0ofwTUj2oDGawWRzmnGHfMp5kIiEaB07AZy++IPT+Atqrk0pgg1TdaJm2Wf1ne2pcirNsjzwMlVhe1Iw==",
      "requires": {
        "underscore": "1.8.3"
      }
    },
    "@types/node": {
      "version": "6.0.103",
      "resolved": "https://registry.npmjs.org/@types/node/-/node-6.0.103.tgz",
      "integrity": "sha512-EHU5B9OlENiGEziLiC2XjhjBoVTiX6s4JwZrMHkLQzrzOA0bfZKfcT3fZaalgujcrs2O97VgKaxqguwV+12UJQ==",
      "dev": true
    },
    "@types/pngjs": {
      "version": "3.3.0",
      "resolved": "https://registry.npmjs.org/@types/pngjs/-/pngjs-3.3.0.tgz",
      "integrity": "sha512-/Ln+QGL4c8dms6iT0EcvDJQ/pRtIJ0HApr4edgQSz+8ztkmDXGawJWLxwinQ4hlqYQW/5CcQG7qOdekV0gAHfg==",
      "dev": true,
      "requires": {
        "@types/node": "6.0.103"
      }
    },
    "pngjs": {
      "version": "3.3.2",
      "resolved": "https://registry.npmjs.org/pngjs/-/pngjs-3.3.2.tgz",
      "integrity": "sha512-bVNd3LMXRzdo6s4ehr4XW2wFMu9cb40nPgHEjSSppm8/++Xc+g0b2QQb+SeDesgfANXbjydOr1or9YQ+pcCZPQ=="
    },
    "seedrandom": {
      "version": "2.4.3",
      "resolved": "https://registry.npmjs.org/seedrandom/-/seedrandom-2.4.3.tgz",
      "integrity": "sha1-JDhQTa0zkXMUv/GKxNeU8W1qrsw="
    },
    "underscore": {
      "version": "1.8.3",
      "resolved": "https://registry.npmjs.org/underscore/-/underscore-1.8.3.tgz",
      "integrity": "sha1-Tz+1OxBuYJf8+ctBCfKl6b36UCI="
    }
  }
}
